
Microsoft Visual Studio Solution File, Format Version 12.00
# Visual Studio Version 16
VisualStudioVersion = 16.0.29806.167
MinimumVisualStudioVersion = 10.0.40219.1
Project("{FAE04EC0-301F-11D3-BF4B-00C04F79EFBC}") = "seyr-u_sefer", "seyr-u_sefer\seyr-u_sefer.csproj", "{DC44441A-D4AA-463E-B7F3-A786D45C6CC9}"
EndProject
Global
	GlobalSection(SolutionConfigurationPlatforms) = preSolution
		Debug|Any CPU = Debug|Any CPU
		Release|Any CPU = Release|Any CPU
	EndGlobalSection
	GlobalSection(ProjectConfigurationPlatforms) = postSolution
		{DC44441A-D4AA-463E-B7F3-A786D45C6CC9}.Debug|Any CPU.ActiveCfg = Debug|Any CPU
		{DC44441A-D4AA-463E-B7F3-A786D45C6CC9}.Debug|Any CPU.Build.0 = Debug|Any CPU
		{DC44441A-D4AA-463E-B7F3-A786D45C6CC9}.Release|Any CPU.ActiveCfg = Release|Any CPU
		{DC44441A-D4AA-463E-B7F3-A786D45C6CC9}.Release|Any CPU.Build.0 = Release|Any CPU
	EndGlobalSection
	GlobalSection(SolutionProperties) = preSolution
		HideSolutionNode = FALSE
	EndGlobalSection
	GlobalSection(ExtensibilityGlobals) = postSolution
		SolutionGuid = {CF67A87F-52ED-4A2C-A739-688FC0E65818}
	EndGlobalSection
EndGlobal
